Microsoft Visual Studio Solution File, Format Version 12.00
# Visual Studio Version 17
VisualStudioVersion = 17.0.31903.59
MinimumVisualStudioVersion = 10.0.40219.1
Project("{FAE04EC0-301F-11D3-BF4B-00C04F79EFBC}") = "Infrastructure", "Infrastructure\Infrastructure.csproj", "{90CEB4CF-E259-4AE5-8182-6C5DC288D96B}"
EndProject
Project("{FAE04EC0-301F-11D3-BF4B-00C04F79EFBC}") = "Application", "Application\Application.csproj", "{5C3B0A88-28E7-4314-B85B-B4D568F39490}"
EndProject
Project("{FAE04EC0-301F-11D3-BF4B-00C04F79EFBC}") = "WebApi", "WebApi\WebApi.csproj", "{070F39BC-C842-40CA-BC81-5A888F8338EC}"
EndProject
Global
	GlobalSection(SolutionConfigurationPlatforms) = preSolution
		Debug|Any CPU = Debug|Any CPU
		Release|Any CPU = Release|Any CPU
	EndGlobalSection
	GlobalSection(SolutionProperties) = preSolution
		HideSolutionNode = FALSE
	EndGlobalSection
	GlobalSection(ProjectConfigurationPlatforms) = postSolution
		{90CEB4CF-E259-4AE5-8182-6C5DC288D96B}.Debug|Any CPU.ActiveCfg = Debug|Any CPU
		{90CEB4CF-E259-4AE5-8182-6C5DC288D96B}.Debug|Any CPU.Build.0 = Debug|Any CPU
		{90CEB4CF-E259-4AE5-8182-6C5DC288D96B}.Release|Any CPU.ActiveCfg = Release|Any CPU
		{90CEB4CF-E259-4AE5-8182-6C5DC288D96B}.Release|Any CPU.Build.0 = Release|Any CPU
		{5C3B0A88-28E7-4314-B85B-B4D568F39490}.Debug|Any CPU.ActiveCfg = Debug|Any CPU
		{5C3B0A88-28E7-4314-B85B-B4D568F39490}.Debug|Any CPU.Build.0 = Debug|Any CPU
		{5C3B0A88-28E7-4314-B85B-B4D568F39490}.Release|Any CPU.ActiveCfg = Release|Any CPU
		{5C3B0A88-28E7-4314-B85B-B4D568F39490}.Release|Any CPU.Build.0 = Release|Any CPU
		{070F39BC-C842-40CA-BC81-5A888F8338EC}.Debug|Any CPU.ActiveCfg = Debug|Any CPU
		{070F39BC-C842-40CA-BC81-5A888F8338EC}.Debug|Any CPU.Build.0 = Debug|Any CPU
		{070F39BC-C842-40CA-BC81-5A888F8338EC}.Release|Any CPU.ActiveCfg = Release|Any CPU
		{070F39BC-C842-40CA-BC81-5A888F8338EC}.Release|Any CPU.Build.0 = Release|Any CPU
	EndGlobalSection
EndGlobal
